// !$*UTF8*$!
{
	archiveVersion = 1;
	classes = {
	};
	objectVersion = 56;
	objects = {

/* Begin PBXBuildFile section */
		E8366CAD2AB22C22004E8162 /* GoogleService-Info.plist in Resources */ = {isa = PBXBuildFile; fileRef = E8366CAC2AB22C22004E8162 /* GoogleService-Info.plist */; };
		E87BE61C2AA00F0900BE836F /* LoginController.swift in Sources */ = {isa = PBXBuildFile; fileRef = E87BE61B2AA00F0900BE836F /* LoginController.swift */; };
		E880703B2AB7E3450094BF9B /* FirebaseAnalytics in Frameworks */ = {isa = PBXBuildFile; productRef = E880703A2AB7E3450094BF9B /* FirebaseAnalytics */; };
		E880703D2AB7EAB60094BF9B /* FirebaseDatabase in Frameworks */ = {isa = PBXBuildFile; productRef = E880703C2AB7EAB60094BF9B /* FirebaseDatabase */; };
		E89380862A8EBC510084BD8E /* AppDelegate.swift in Sources */ = {isa = PBXBuildFile; fileRef = E89380852A8EBC510084BD8E /* AppDelegate.swift */; };
		E89380882A8EBC510084BD8E /* SceneDelegate.swift in Sources */ = {isa = PBXBuildFile; fileRef = E89380872A8EBC510084BD8E /* SceneDelegate.swift */; };
		E893808A2A8EBC510084BD8E /* ViewController.swift in Sources */ = {isa = PBXBuildFile; fileRef = E89380892A8EBC510084BD8E /* ViewController.swift */; };
		E893808D2A8EBC510084BD8E /* Main.storyboard in Resources */ = {isa = PBXBuildFile; fileRef = E893808B2A8EBC510084BD8E /* Main.storyboard */; };
		E893808F2A8EBC540084BD8E /* Assets.xcassets in Resources */ = {isa = PBXBuildFile; fileRef = E893808E2A8EBC540084BD8E /* Assets.xcassets */; };
		E89380922A8EBC540084BD8E /* LaunchScreen.storyboard in Resources */ = {isa = PBXBuildFile; fileRef = E89380902A8EBC540084BD8E /* LaunchScreen.storyboard */; };
		E893809D2A8EBC540084BD8E /* ScoutingPracticeTests.swift in Sources */ = {isa = PBXBuildFile; fileRef = E893809C2A8EBC540084BD8E /* ScoutingPracticeTests.swift */; };
		E89380A72A8EBC540084BD8E /* ScoutingPracticeUITests.swift in Sources */ = {isa = PBXBuildFile; fileRef = E89380A62A8EBC540084BD8E /* ScoutingPracticeUITests.swift */; };
		E89380A92A8EBC540084BD8E /* ScoutingPracticeUITestsLaunchTests.swift in Sources */ = {isa = PBXBuildFile; fileRef = E89380A82A8EBC540084BD8E /* ScoutingPracticeUITestsLaunchTests.swift */; };
		E8AB51992AA569A300E8C0F6 /* FormController.swift in Sources */ = {isa = PBXBuildFile; fileRef = E8AB51982AA569A300E8C0F6 /* FormController.swift */; };
/* End PBXBuildFile section */

/* Begin PBXContainerItemProxy section */
		E89380992A8EBC540084BD8E /* PBXContainerItemProxy */ = {
			isa = PBXContainerItemProxy;
			containerPortal = E893807A2A8EBC500084BD8E /* Project object */;
			proxyType = 1;
			remoteGlobalIDString = E89380812A8EBC500084BD8E;
			remoteInfo = ScoutingPractice;
		};
		E89380A32A8EBC540084BD8E /* PBXContainerItemProxy */ = {
			isa = PBXContainerItemProxy;
			containerPortal = E893807A2A8EBC500084BD8E /* Project object */;
			proxyType = 1;
			remoteGlobalIDString = E89380812A8EBC500084BD8E;
			remoteInfo = ScoutingPractice;
		};
/* End PBXContainerItemProxy section */

/* Begin PBXFileReference section */
		E8366CAC2AB22C22004E8162 /* GoogleService-Info.plist */ = {isa = PBXFileReference; fileEncoding = 4; lastKnownFileType = text.plist.xml; name = "GoogleService-Info.plist"; path = "../../../GoogleService-Info.plist"; sourceTree = "<group>"; };
		E87BE61B2AA00F0900BE836F /* LoginController.swift */ = {isa = PBXFileReference; lastKnownFileType = sourcecode.swift; path = LoginController.swift; sourceTree = "<group>"; };
		E89380822A8EBC510084BD8E /* ScoutingApp.app */ = {isa = PBXFileReference; explicitFileType = wrapper.application; includeInIndex = 0; path = ScoutingApp.app; sourceTree = BUILT_PRODUCTS_DIR; };
		E89380852A8EBC510084BD8E /* AppDelegate.swift */ = {isa = PBXFileReference; lastKnownFileType = sourcecode.swift; path = AppDelegate.swift; sourceTree = "<group>"; };
		E89380872A8EBC510084BD8E /* SceneDelegate.swift */ = {isa = PBXFileReference; lastKnownFileType = sourcecode.swift; path = SceneDelegate.swift; sourceTree = "<group>"; };
		E89380892A8EBC510084BD8E /* ViewController.swift */ = {isa = PBXFileReference; lastKnownFileType = sourcecode.swift; path = ViewController.swift; sourceTree = "<group>"; };
		E893808C2A8EBC510084BD8E /* Base */ = {isa = PBXFileReference; lastKnownFileType = file.storyboard; name = Base; path = Base.lproj/Main.storyboard; sourceTree = "<group>"; };
		E893808E2A8EBC540084BD8E /* Assets.xcassets */ = {isa = PBXFileReference; lastKnownFileType = folder.assetcatalog; path = Assets.xcassets; sourceTree = "<group>"; };
		E89380912A8EBC540084BD8E /* Base */ = {isa = PBXFileReference; lastKnownFileType = file.storyboard; name = Base; path = Base.lproj/LaunchScreen.storyboard; sourceTree = "<group>"; };
		E89380932A8EBC540084BD8E /* Info.plist */ = {isa = PBXFileReference; lastKnownFileType = text.plist.xml; path = Info.plist; sourceTree = "<group>"; };
		E89380982A8EBC540084BD8E /* ScoutingAppTests.xctest */ = {isa = PBXFileReference; explicitFileType = wrapper.cfbundle; includeInIndex = 0; path = ScoutingAppTests.xctest; sourceTree = BUILT_PRODUCTS_DIR; };
		E893809C2A8EBC540084BD8E /* ScoutingPracticeTests.swift */ = {isa = PBXFileReference; lastKnownFileType = sourcecode.swift; path = ScoutingPracticeTests.swift; sourceTree = "<group>"; };
		E89380A22A8EBC540084BD8E /* ScoutingAppUITests.xctest */ = {isa = PBXFileReference; explicitFileType = wrapper.cfbundle; includeInIndex = 0; path = ScoutingAppUITests.xctest; sourceTree = BUILT_PRODUCTS_DIR; };
		E89380A62A8EBC540084BD8E /* ScoutingPracticeUITests.swift */ = {isa = PBXFileReference; lastKnownFileType = sourcecode.swift; path = ScoutingPracticeUITests.swift; sourceTree = "<group>"; };
		E89380A82A8EBC540084BD8E /* ScoutingPracticeUITestsLaunchTests.swift */ = {isa = PBXFileReference; lastKnownFileType = sourcecode.swift; path = ScoutingPracticeUITestsLaunchTests.swift; sourceTree = "<group>"; };
		E8AB51982AA569A300E8C0F6 /* FormController.swift */ = {isa = PBXFileReference; lastKnownFileType = sourcecode.swift; path = FormController.swift; sourceTree = "<group>"; };
/* End PBXFileReference section */

/* Begin PBXFrameworksBuildPhase section */
		E893807F2A8EBC500084BD8E /* Frameworks */ = {
			isa = PBXFrameworksBuildPhase;
			buildActionMask = 2147483647;
			files = (
				E880703D2AB7EAB60094BF9B /* FirebaseDatabase in Frameworks */,
				E880703B2AB7E3450094BF9B /* FirebaseAnalytics in Frameworks */,
			);
			runOnlyForDeploymentPostprocessing = 0;
		};
		E89380952A8EBC540084BD8E /* Frameworks */ = {
			isa = PBXFrameworksBuildPhase;
			buildActionMask = 2147483647;
			files = (
			);
			runOnlyForDeploymentPostprocessing = 0;
		};
		E893809F2A8EBC540084BD8E /* Frameworks */ = {
			isa = PBXFrameworksBuildPhase;
			buildActionMask = 2147483647;
			files = (
			);
			runOnlyForDeploymentPostprocessing = 0;
		};
/* End PBXFrameworksBuildPhase section */

/* Begin PBXGroup section */
		E88070032AB7E2DD0094BF9B /* Frameworks */ = {
			isa = PBXGroup;
			children = (
			);
			name = Frameworks;
			sourceTree = "<group>";
		};
		E89380792A8EBC500084BD8E = {
			isa = PBXGroup;
			children = (
				E89380842A8EBC510084BD8E /* ScoutingPractice */,
				E893809B2A8EBC540084BD8E /* ScoutingPracticeTests */,
				E89380A52A8EBC540084BD8E /* ScoutingPracticeUITests */,
				E89380832A8EBC510084BD8E /* Products */,
				E88070032AB7E2DD0094BF9B /* Frameworks */,
			);
			sourceTree = "<group>";
		};
		E89380832A8EBC510084BD8E /* Products */ = {
			isa = PBXGroup;
			children = (
				E89380822A8EBC510084BD8E /* ScoutingApp.app */,
				E89380982A8EBC540084BD8E /* ScoutingAppTests.xctest */,
				E89380A22A8EBC540084BD8E /* ScoutingAppUITests.xctest */,
			);
			name = Products;
			sourceTree = "<group>";
		};
		E89380842A8EBC510084BD8E /* ScoutingPractice */ = {
			isa = PBXGroup;
			children = (
				E8366CAC2AB22C22004E8162 /* GoogleService-Info.plist */,
				E89380852A8EBC510084BD8E /* AppDelegate.swift */,
				E89380872A8EBC510084BD8E /* SceneDelegate.swift */,
				E89380892A8EBC510084BD8E /* ViewController.swift */,
				E893808B2A8EBC510084BD8E /* Main.storyboard */,
				E893808E2A8EBC540084BD8E /* Assets.xcassets */,
				E89380902A8EBC540084BD8E /* LaunchScreen.storyboard */,
				E89380932A8EBC540084BD8E /* Info.plist */,
				E87BE61B2AA00F0900BE836F /* LoginController.swift */,
				E8AB51982AA569A300E8C0F6 /* FormController.swift */,
			);
			path = ScoutingPractice;
			sourceTree = "<group>";
		};
		E893809B2A8EBC540084BD8E /* ScoutingPracticeTests */ = {
			isa = PBXGroup;
			children = (
				E893809C2A8EBC540084BD8E /* ScoutingPracticeTests.swift */,
			);
			path = ScoutingPracticeTests;
			sourceTree = "<group>";
		};
		E89380A52A8EBC540084BD8E /* ScoutingPracticeUITests */ = {
			isa = PBXGroup;
			children = (
				E89380A62A8EBC540084BD8E /* ScoutingPracticeUITests.swift */,
				E89380A82A8EBC540084BD8E /* ScoutingPracticeUITestsLaunchTests.swift */,
			);
			path = ScoutingPracticeUITests;
			sourceTree = "<group>";
		};
/* End PBXGroup section */

/* Begin PBXNativeTarget section */
		E89380812A8EBC500084BD8E /* ScoutingApp */ = {
			isa = PBXNativeTarget;
			buildConfigurationList = E89380AC2A8EBC540084BD8E /* Build configuration list for PBXNativeTarget "ScoutingApp" */;
			buildPhases = (
				E893807E2A8EBC500084BD8E /* Sources */,
				E893807F2A8EBC500084BD8E /* Frameworks */,
				E89380802A8EBC500084BD8E /* Resources */,
			);
			buildRules = (
			);
			dependencies = (
			);
			name = ScoutingApp;
			packageProductDependencies = (
				E880703A2AB7E3450094BF9B /* FirebaseAnalytics */,
				E880703C2AB7EAB60094BF9B /* FirebaseDatabase */,
			);
			productName = ScoutingPractice;
			productReference = E89380822A8EBC510084BD8E /* ScoutingApp.app */;
			productType = "com.apple.product-type.application";
		};
		E89380972A8EBC540084BD8E /* ScoutingAppTests */ = {
			isa = PBXNativeTarget;
			buildConfigurationList = E89380AF2A8EBC540084BD8E /* Build configuration list for PBXNativeTarget "ScoutingAppTests" */;
			buildPhases = (
				E89380942A8EBC540084BD8E /* Sources */,
				E89380952A8EBC540084BD8E /* Frameworks */,
				E89380962A8EBC540084BD8E /* Resources */,
			);
			buildRules = (
			);
			dependencies = (
				E893809A2A8EBC540084BD8E /* PBXTargetDependency */,
			);
			name = ScoutingAppTests;
			productName = ScoutingPracticeTests;
			productReference = E89380982A8EBC540084BD8E /* ScoutingAppTests.xctest */;
			productType = "com.apple.product-type.bundle.unit-test";
		};
		E89380A12A8EBC540084BD8E /* ScoutingAppUITests */ = {
			isa = PBXNativeTarget;
			buildConfigurationList = E89380B22A8EBC540084BD8E /* Build configuration list for PBXNativeTarget "ScoutingAppUITests" */;
			buildPhases = (
				E893809E2A8EBC540084BD8E /* Sources */,
				E893809F2A8EBC540084BD8E /* Frameworks */,
				E89380A02A8EBC540084BD8E /* Resources */,
			);
			buildRules = (
			);
			dependencies = (
				E89380A42A8EBC540084BD8E /* PBXTargetDependency */,
			);
			name = ScoutingAppUITests;
			productName = ScoutingPracticeUITests;
			productReference = E89380A22A8EBC540084BD8E /* ScoutingAppUITests.xctest */;
			productType = "com.apple.product-type.bundle.ui-testing";
		};
/* End PBXNativeTarget section */

/* Begin PBXProject section */
		E893807A2A8EBC500084BD8E /* Project object */ = {
			isa = PBXProject;
			attributes = {
				BuildIndependentTargetsInParallel = 1;
				LastSwiftUpdateCheck = 1430;
				LastUpgradeCheck = 1430;
				TargetAttributes = {
					E89380812A8EBC500084BD8E = {
						CreatedOnToolsVersion = 14.3.1;
					};
					E89380972A8EBC540084BD8E = {
						CreatedOnToolsVersion = 14.3.1;
						TestTargetID = E89380812A8EBC500084BD8E;
					};
					E89380A12A8EBC540084BD8E = {
						CreatedOnToolsVersion = 14.3.1;
						TestTargetID = E89380812A8EBC500084BD8E;
					};
				};
			};
			buildConfigurationList = E893807D2A8EBC500084BD8E /* Build configuration list for PBXProject "ScoutingApp" */;
			compatibilityVersion = "Xcode 14.0";
			developmentRegion = en;
			hasScannedForEncodings = 0;
			knownRegions = (
				en,
				Base,
			);
			mainGroup = E89380792A8EBC500084BD8E;
			packageReferences = (
				E8B9CEB62A9815E100759E5F /* XCRemoteSwiftPackageReference "firebase-ios-sdk" */,
			);
			productRefGroup = E89380832A8EBC510084BD8E /* Products */;
			projectDirPath = "";
			projectRoot = "";
			targets = (
				E89380812A8EBC500084BD8E /* ScoutingApp */,
				E89380972A8EBC540084BD8E /* ScoutingAppTests */,
				E89380A12A8EBC540084BD8E /* ScoutingAppUITests */,
			);
		};
/* End PBXProject section */

/* Begin PBXResourcesBuildPhase section */
		E89380802A8EBC500084BD8E /* Resources */ = {
			isa = PBXResourcesBuildPhase;
			buildActionMask = 2147483647;
			files = (
				E89380922A8EBC540084BD8E /* LaunchScreen.storyboard in Resources */,
				E893808F2A8EBC540084BD8E /* Assets.xcassets in Resources */,
				E8366CAD2AB22C22004E8162 /* GoogleService-Info.plist in Resources */,
				E893808D2A8EBC510084BD8E /* Main.storyboard in Resources */,
			);
			runOnlyForDeploymentPostprocessing = 0;
		};
		E89380962A8EBC540084BD8E /* Resources */ = {
			isa = PBXResourcesBuildPhase;
			buildActionMask = 2147483647;
			files = (
			);
			runOnlyForDeploymentPostprocessing = 0;
		};
		E89380A02A8EBC540084BD8E /* Resources */ = {
			isa = PBXResourcesBuildPhase;
			buildActionMask = 2147483647;
			files = (
			);
			runOnlyForDeploymentPostprocessing = 0;
		};
/* End PBXResourcesBuildPhase section */

/* Begin PBXSourcesBuildPhase section */
		E893807E2A8EBC500084BD8E /* Sources */ = {
			isa = PBXSourcesBuildPhase;
			buildActionMask = 2147483647;
			files = (
				E893808A2A8EBC510084BD8E /* ViewController.swift in Sources */,
				E87BE61C2AA00F0900BE836F /* LoginController.swift in Sources */,
				E89380862A8EBC510084BD8E /* AppDelegate.swift in Sources */,
				E89380882A8EBC510084BD8E /* SceneDelegate.swift in Sources */,
				E8AB51992AA569A300E8C0F6 /* FormController.swift in Sources */,
			);
			runOnlyForDeploymentPostprocessing = 0;
		};
		E89380942A8EBC540084BD8E /* Sources */ = {
			isa = PBXSourcesBuildPhase;
			buildActionMask = 2147483647;
			files = (
				E893809D2A8EBC540084BD8E /* ScoutingPracticeTests.swift in Sources */,
			);
			runOnlyForDeploymentPostprocessing = 0;
		};
		E893809E2A8EBC540084BD8E /* Sources */ = {
			isa = PBXSourcesBuildPhase;
			buildActionMask = 2147483647;
			files = (
				E89380A72A8EBC540084BD8E /* ScoutingPracticeUITests.swift in Sources */,
				E89380A92A8EBC540084BD8E /* ScoutingPracticeUITestsLaunchTests.swift in Sources */,
			);
			runOnlyForDeploymentPostprocessing = 0;
		};
/* End PBXSourcesBuildPhase section */

/* Begin PBXTargetDependency section */
		E893809A2A8EBC540084BD8E /* PBXTargetDependency */ = {
			isa = PBXTargetDependency;
			target = E89380812A8EBC500084BD8E /* ScoutingApp */;
			targetProxy = E89380992A8EBC540084BD8E /* PBXContainerItemProxy */;
		};
		E89380A42A8EBC540084BD8E /* PBXTargetDependency */ = {
			isa = PBXTargetDependency;
			target = E89380812A8EBC500084BD8E /* ScoutingApp */;
			targetProxy = E89380A32A8EBC540084BD8E /* PBXContainerItemProxy */;
		};
/* End PBXTargetDependency section */

/* Begin PBXVariantGroup section */
		E893808B2A8EBC510084BD8E /* Main.storyboard */ = {
			isa = PBXVariantGroup;
			children = (
				E893808C2A8EBC510084BD8E /* Base */,
			);
			name = Main.storyboard;
			sourceTree = "<group>";
		};
		E89380902A8EBC540084BD8E /* LaunchScreen.storyboard */ = {
			isa = PBXVariantGroup;
			children = (
				E89380912A8EBC540084BD8E /* Base */,
			);
			name = LaunchScreen.storyboard;
			sourceTree = "<group>";
		};
/* End PBXVariantGroup section */

/* Begin XCBuildConfiguration section */
		E89380AA2A8EBC540084BD8E /* Debug */ = {
			isa = XCBuildConfiguration;
			buildSettings = {
				ALWAYS_SEARCH_USER_PATHS = NO;
				CLANG_ANALYZER_NONNULL = YES;
				CLANG_ANALYZER_NUMBER_OBJECT_CONVERSION = YES_AGGRESSIVE;
				CLANG_CXX_LANGUAGE_STANDARD = "gnu++20";
				CLANG_ENABLE_MODULES = YES;
				CLANG_ENABLE_OBJC_ARC = YES;
				CLANG_ENABLE_OBJC_WEAK = YES;
				CLANG_WARN_BLOCK_CAPTURE_AUTORELEASING = YES;
				CLANG_WARN_BOOL_CONVERSION = YES;
				CLANG_WARN_COMMA = YES;
				CLANG_WARN_CONSTANT_CONVERSION = YES;
				CLANG_WARN_DEPRECATED_OBJC_IMPLEMENTATIONS = YES;
				CLANG_WARN_DIRECT_OBJC_ISA_USAGE = YES_ERROR;
				CLANG_WARN_DOCUMENTATION_COMMENTS = YES;
				CLANG_WARN_EMPTY_BODY = YES;
				CLANG_WARN_ENUM_CONVERSION = YES;
				CLANG_WARN_INFINITE_RECURSION = YES;
				CLANG_WARN_INT_CONVERSION = YES;
				CLANG_WARN_NON_LITERAL_NULL_CONVERSION = YES;
				CLANG_WARN_OBJC_IMPLICIT_RETAIN_SELF = YES;
				CLANG_WARN_OBJC_LITERAL_CONVERSION = YES;
				CLANG_WARN_OBJC_ROOT_CLASS = YES_ERROR;
				CLANG_WARN_QUOTED_INCLUDE_IN_FRAMEWORK_HEADER = YES;
				CLANG_WARN_RANGE_LOOP_ANALYSIS = YES;
				CLANG_WARN_STRICT_PROTOTYPES = YES;
				CLANG_WARN_SUSPICIOUS_MOVE = YES;
				CLANG_WARN_UNGUARDED_AVAILABILITY = YES_AGGRESSIVE;
				CLANG_WARN_UNREACHABLE_CODE = YES;
				CLANG_WARN__DUPLICATE_METHOD_MATCH = YES;
				COPY_PHASE_STRIP = NO;
				DEBUG_INFORMATION_FORMAT = dwarf;
				ENABLE_STRICT_OBJC_MSGSEND = YES;
				ENABLE_TESTABILITY = YES;
				GCC_C_LANGUAGE_STANDARD = gnu11;
				GCC_DYNAMIC_NO_PIC = NO;
				GCC_NO_COMMON_BLOCKS = YES;
				GCC_OPTIMIZATION_LEVEL = 0;
				GCC_PREPROCESSOR_DEFINITIONS = (
					"DEBUG=1",
					"$(inherited)",
				);
				GCC_WARN_64_TO_32_BIT_CONVERSION = YES;
				GCC_WARN_ABOUT_RETURN_TYPE = YES_ERROR;
				GCC_WARN_UNDECLARED_SELECTOR = YES;
				GCC_WARN_UNINITIALIZED_AUTOS = YES_AGGRESSIVE;
				GCC_WARN_UNUSED_FUNCTION = YES;
				GCC_WARN_UNUSED_VARIABLE = YES;
				IPHONEOS_DEPLOYMENT_TARGET = 16.4;
				MTL_ENABLE_DEBUG_INFO = INCLUDE_SOURCE;
				MTL_FAST_MATH = YES;
				ONLY_ACTIVE_ARCH = YES;
				SDKROOT = iphoneos;
				SWIFT_ACTIVE_COMPILATION_CONDITIONS = DEBUG;
				SWIFT_OPTIMIZATION_LEVEL = "-Onone";
			};
			name = Debug;
		};
		E89380AB2A8EBC540084BD8E /* Release */ = {
			isa = XCBuildConfiguration;
			buildSettings = {
				ALWAYS_SEARCH_USER_PATHS = NO;
				CLANG_ANALYZER_NONNULL = YES;
				CLANG_ANALYZER_NUMBER_OBJECT_CONVERSION = YES_AGGRESSIVE;
				CLANG_CXX_LANGUAGE_STANDARD = "gnu++20";
				CLANG_ENABLE_MODULES = YES;
				CLANG_ENABLE_OBJC_ARC = YES;
				CLANG_ENABLE_OBJC_WEAK = YES;
				CLANG_WARN_BLOCK_CAPTURE_AUTORELEASING = YES;
				CLANG_WARN_BOOL_CONVERSION = YES;
				CLANG_WARN_COMMA = YES;
				CLANG_WARN_CONSTANT_CONVERSION = YES;
				CLANG_WARN_DEPRECATED_OBJC_IMPLEMENTATIONS = YES;
				CLANG_WARN_DIRECT_OBJC_ISA_USAGE = YES_ERROR;
				CLANG_WARN_DOCUMENTATION_COMMENTS = YES;
				CLANG_WARN_EMPTY_BODY = YES;
				CLANG_WARN_ENUM_CONVERSION = YES;
				CLANG_WARN_INFINITE_RECURSION = YES;
				CLANG_WARN_INT_CONVERSION = YES;
				CLANG_WARN_NON_LITERAL_NULL_CONVERSION = YES;
				CLANG_WARN_OBJC_IMPLICIT_RETAIN_SELF = YES;
				CLANG_WARN_OBJC_LITERAL_CONVERSION = YES;
				CLANG_WARN_OBJC_ROOT_CLASS = YES_ERROR;
				CLANG_WARN_QUOTED_INCLUDE_IN_FRAMEWORK_HEADER = YES;
				CLANG_WARN_RANGE_LOOP_ANALYSIS = YES;
				CLANG_WARN_STRICT_PROTOTYPES = YES;
				CLANG_WARN_SUSPICIOUS_MOVE = YES;
				CLANG_WARN_UNGUARDED_AVAILABILITY = YES_AGGRESSIVE;
				CLANG_WARN_UNREACHABLE_CODE = YES;
				CLANG_WARN__DUPLICATE_METHOD_MATCH = YES;
				COPY_PHASE_STRIP = NO;
				DEBUG_INFORMATION_FORMAT = "dwarf-with-dsym";
				ENABLE_NS_ASSERTIONS = NO;
				ENABLE_STRICT_OBJC_MSGSEND = YES;
				GCC_C_LANGUAGE_STANDARD = gnu11;
				GCC_NO_COMMON_BLOCKS = YES;
				GCC_WARN_64_TO_32_BIT_CONVERSION = YES;
				GCC_WARN_ABOUT_RETURN_TYPE = YES_ERROR;
				GCC_WARN_UNDECLARED_SELECTOR = YES;
				GCC_WARN_UNINITIALIZED_AUTOS = YES_AGGRESSIVE;
				GCC_WARN_UNUSED_FUNCTION = YES;
				GCC_WARN_UNUSED_VARIABLE = YES;
				IPHONEOS_DEPLOYMENT_TARGET = 16.4;
				MTL_ENABLE_DEBUG_INFO = NO;
				MTL_FAST_MATH = YES;
				SDKROOT = iphoneos;
				SWIFT_COMPILATION_MODE = wholemodule;
				SWIFT_OPTIMIZATION_LEVEL = "-O";
				VALIDATE_PRODUCT = YES;
			};
			name = Release;
		};
		E89380AD2A8EBC540084BD8E /* Debug */ = {
			isa = XCBuildConfiguration;
			buildSettings = {
				ASSETCATALOG_COMPILER_APPICON_NAME = AppIcon;
				ASSETCATALOG_COMPILER_GLOBAL_ACCENT_COLOR_NAME = AccentColor;
				CODE_SIGN_STYLE = Automatic;
				CURRENT_PROJECT_VERSION = 1;
				DEVELOPMENT_TEAM = 78J5TMZD28;
				GENERATE_INFOPLIST_FILE = YES;
				INFOPLIST_FILE = ScoutingPractice/Info.plist;
				INFOPLIST_KEY_UIApplicationSupportsIndirectInputEvents = YES;
				INFOPLIST_KEY_UILaunchStoryboardName = LaunchScreen;
				INFOPLIST_KEY_UIMainStoryboardFile = Main;
				INFOPLIST_KEY_UISupportedInterfaceOrientations_iPad = "UIInterfaceOrientationPortrait UIInterfaceOrientationPortraitUpsideDown UIInterfaceOrientationLandscapeLeft UIInterfaceOrientationLandscapeRight";
				INFOPLIST_KEY_UISupportedInterfaceOrientations_iPhone = "UIInterfaceOrientationPortrait UIInterfaceOrientationLandscapeLeft UIInterfaceOrientationLandscapeRight";
				LD_RUNPATH_SEARCH_PATHS = (
					"$(inherited)",
					"@executable_path/Frameworks",
				);
				MARKETING_VERSION = 1.0;
				PRODUCT_BUNDLE_IDENTIFIER = AraavNayak.ScoutingPractice;
				PRODUCT_NAME = "$(TARGET_NAME)";
				SWIFT_EMIT_LOC_STRINGS = YES;
				SWIFT_VERSION = 5.0;
				TARGETED_DEVICE_FAMILY = "1,2";
			};
			name = Debug;
		};
		E89380AE2A8EBC540084BD8E /* Release */ = {
			isa = XCBuildConfiguration;
			buildSettings = {
				ASSETCATALOG_COMPILER_APPICON_NAME = AppIcon;
				ASSETCATALOG_COMPILER_GLOBAL_ACCENT_COLOR_NAME = AccentColor;
				CODE_SIGN_STYLE = Automatic;
				CURRENT_PROJECT_VERSION = 1;
				DEVELOPMENT_TEAM = 78J5TMZD28;
				GENERATE_INFOPLIST_FILE = YES;
				INFOPLIST_FILE = ScoutingPractice/Info.plist;
				INFOPLIST_KEY_UIApplicationSupportsIndirectInputEvents = YES;
				INFOPLIST_KEY_UILaunchStoryboardName = LaunchScreen;
				INFOPLIST_KEY_UIMainStoryboardFile = Main;
				INFOPLIST_KEY_UISupportedInterfaceOrientations_iPad = "UIInterfaceOrientationPortrait UIInterfaceOrientationPortraitUpsideDown UIInterfaceOrientationLandscapeLeft UIInterfaceOrientationLandscapeRight";
				INFOPLIST_KEY_UISupportedInterfaceOrientations_iPhone = "UIInterfaceOrientationPortrait UIInterfaceOrientationLandscapeLeft UIInterfaceOrientationLandscapeRight";
				LD_RUNPATH_SEARCH_PATHS = (
					"$(inherited)",
					"@executable_path/Frameworks",
				);
				MARKETING_VERSION = 1.0;
				PRODUCT_BUNDLE_IDENTIFIER = AraavNayak.ScoutingPractice;
				PRODUCT_NAME = "$(TARGET_NAME)";
				SWIFT_EMIT_LOC_STRINGS = YES;
				SWIFT_VERSION = 5.0;
				TARGETED_DEVICE_FAMILY = "1,2";
			};
			name = Release;
		};
		E89380B02A8EBC540084BD8E /* Debug */ = {
			isa = XCBuildConfiguration;
			buildSettings = {
				ALWAYS_EMBED_SWIFT_STANDARD_LIBRARIES = YES;
				BUNDLE_LOADER = "$(TEST_HOST)";
				CODE_SIGN_STYLE = Automatic;
				CURRENT_PROJECT_VERSION = 1;
				DEVELOPMENT_TEAM = 78J5TMZD28;
				GENERATE_INFOPLIST_FILE = YES;
				IPHONEOS_DEPLOYMENT_TARGET = 16.4;
				MARKETING_VERSION = 1.0;
				PRODUCT_BUNDLE_IDENTIFIER = AraavNayak.ScoutingPracticeTests;
				PRODUCT_NAME = "$(TARGET_NAME)";
				SWIFT_EMIT_LOC_STRINGS = NO;
				SWIFT_VERSION = 5.0;
				TARGETED_DEVICE_FAMILY = "1,2";
				TEST_HOST = "$(BUILT_PRODUCTS_DIR)/ScoutingApp.app/$(BUNDLE_EXECUTABLE_FOLDER_PATH)/ScoutingApp";
			};
			name = Debug;
		};
		E89380B12A8EBC540084BD8E /* Release */ = {
			isa = XCBuildConfiguration;
			buildSettings = {
				ALWAYS_EMBED_SWIFT_STANDARD_LIBRARIES = YES;
				BUNDLE_LOADER = "$(TEST_HOST)";
				CODE_SIGN_STYLE = Automatic;
				CURRENT_PROJECT_VERSION = 1;
				DEVELOPMENT_TEAM = 78J5TMZD28;
				GENERATE_INFOPLIST_FILE = YES;
				IPHONEOS_DEPLOYMENT_TARGET = 16.4;
				MARKETING_VERSION = 1.0;
				PRODUCT_BUNDLE_IDENTIFIER = AraavNayak.ScoutingPracticeTests;
				PRODUCT_NAME = "$(TARGET_NAME)";
				SWIFT_EMIT_LOC_STRINGS = NO;
				SWIFT_VERSION = 5.0;
				TARGETED_DEVICE_FAMILY = "1,2";
				TEST_HOST = "$(BUILT_PRODUCTS_DIR)/ScoutingApp.app/$(BUNDLE_EXECUTABLE_FOLDER_PATH)/ScoutingApp";
			};
			name = Release;
		};
		E89380B32A8EBC540084BD8E /* Debug */ = {
			isa = XCBuildConfiguration;
			buildSettings = {
				ALWAYS_EMBED_SWIFT_STANDARD_LIBRARIES = YES;
				CODE_SIGN_STYLE = Automatic;
				CURRENT_PROJECT_VERSION = 1;
				DEVELOPMENT_TEAM = 78J5TMZD28;
				GENERATE_INFOPLIST_FILE = YES;
				MARKETING_VERSION = 1.0;
				PRODUCT_BUNDLE_IDENTIFIER = AraavNayak.ScoutingPracticeUITests;
				PRODUCT_NAME = "$(TARGET_NAME)";
				SWIFT_EMIT_LOC_STRINGS = NO;
				SWIFT_VERSION = 5.0;
				TARGETED_DEVICE_FAMILY = "1,2";
				TEST_TARGET_NAME = ScoutingPractice;
			};
			name = Debug;
		};
		E89380B42A8EBC540084BD8E /* Release */ = {
			isa = XCBuildConfiguration;
			buildSettings = {
				ALWAYS_EMBED_SWIFT_STANDARD_LIBRARIES = YES;
				CODE_SIGN_STYLE = Automatic;
				CURRENT_PROJECT_VERSION = 1;
				DEVELOPMENT_TEAM = 78J5TMZD28;
				GENERATE_INFOPLIST_FILE = YES;
				MARKETING_VERSION = 1.0;
				PRODUCT_BUNDLE_IDENTIFIER = AraavNayak.ScoutingPracticeUITests;
				PRODUCT_NAME = "$(TARGET_NAME)";
				SWIFT_EMIT_LOC_STRINGS = NO;
				SWIFT_VERSION = 5.0;
				TARGETED_DEVICE_FAMILY = "1,2";
				TEST_TARGET_NAME = ScoutingPractice;
			};
			name = Release;
		};
/* End XCBuildConfiguration section */

/* Begin XCConfigurationList section */
		E893807D2A8EBC500084BD8E /* Build configuration list for PBXProject "ScoutingApp" */ = {
			isa = XCConfigurationList;
			buildConfigurations = (
				E89380AA2A8EBC540084BD8E /* Debug */,
				E89380AB2A8EBC540084BD8E /* Release */,
			);
			defaultConfigurationIsVisible = 0;
			defaultConfigurationName = Release;
		};
		E89380AC2A8EBC540084BD8E /* Build configuration list for PBXNativeTarget "ScoutingApp" */ = {
			isa = XCConfigurationList;
			buildConfigurations = (
				E89380AD2A8EBC540084BD8E /* Debug */,
				E89380AE2A8EBC540084BD8E /* Release */,
			);
			defaultConfigurationIsVisible = 0;
			defaultConfigurationName = Release;
		};
		E89380AF2A8EBC540084BD8E /* Build configuration list for PBXNativeTarget "ScoutingAppTests" */ = {
			isa = XCConfigurationList;
			buildConfigurations = (
				E89380B02A8EBC540084BD8E /* Debug */,
				E89380B12A8EBC540084BD8E /* Release */,
			);
			defaultConfigurationIsVisible = 0;
			defaultConfigurationName = Release;
		};
		E89380B22A8EBC540084BD8E /* Build configuration list for PBXNativeTarget "ScoutingAppUITests" */ = {
			isa = XCConfigurationList;
			buildConfigurations = (
				E89380B32A8EBC540084BD8E /* Debug */,
				E89380B42A8EBC540084BD8E /* Release */,
			);
			defaultConfigurationIsVisible = 0;
			defaultConfigurationName = Release;
		};
/* End XCConfigurationList section */

/* Begin XCRemoteSwiftPackageReference section */
		E8B9CEB62A9815E100759E5F /* XCRemoteSwiftPackageReference "firebase-ios-sdk" */ = {
			isa = XCRemoteSwiftPackageReference;
			repositoryURL = "https://github.com/firebase/firebase-ios-sdk";
			requirement = {
				kind = upToNextMajorVersion;
				minimumVersion = 10.0.0;
			};
		};
/* End XCRemoteSwiftPackageReference section */

/* Begin XCSwiftPackageProductDependency section */
		E880703A2AB7E3450094BF9B /* FirebaseAnalytics */ = {
			isa = XCSwiftPackageProductDependency;
			package = E8B9CEB62A9815E100759E5F /* XCRemoteSwiftPackageReference "firebase-ios-sdk" */;
			productName = FirebaseAnalytics;
		};
		E880703C2AB7EAB60094BF9B /* FirebaseDatabase */ = {
			isa = XCSwiftPackageProductDependency;
			package = E8B9CEB62A9815E100759E5F /* XCRemoteSwiftPackageReference "firebase-ios-sdk" */;
			productName = FirebaseDatabase;
		};
/* End XCSwiftPackageProductDependency section */
	};
	rootObject = E893807A2A8EBC500084BD8E /* Project object */;
}
